<?xml version="1.0" encoding="utf-8"?>
<Project ToolsVersion="4.0" xmlns="http://schemas.microsoft.com/developer/msbuild/2003">
  <ItemGroup>
    <Filter Include="entities">
      <UniqueIdentifier>{AA3F76DB-960C-D1E6-BF25-BF8EAB510675}</UniqueIdentifier>
    </Filter>
    <Filter Include="gui">
      <UniqueIdentifier>{8A78880B-F681-887C-7FFD-9E7CEB05947C}</UniqueIdentifier>
    </Filter>
    <Filter Include="level">
      <UniqueIdentifier>{3DBCDA0F-A9D0-02C1-7252-A620DE25FFF1}</UniqueIdentifier>
    </Filter>
    <Filter Include="resources">
      <UniqueIdentifier>{202B5BA7-8C95-0F1E-D5D3-C0C3417DED72}</UniqueIdentifier>
    </Filter>
    <Filter Include="states">
      <UniqueIdentifier>{398B8A1C-252D-B5F2-0EE8-C846FA283C43}</UniqueIdentifier>
    </Filter>
  </ItemGroup>
  <ItemGroup>
    <ClInclude Include="src\Game.h" />
    <ClInclude Include="src\Resources.h" />
    <ClInclude Include="src\entities\Ball.h">
      <Filter>entities</Filter>
    </ClInclude>
    <ClInclude Include="src\entities\Brick.h">
      <Filter>entities</Filter>
    </ClInclude>
    <ClInclude Include="src\entities\Entity.h">
      <Filter>entities</Filter>
    </ClInclude>
    <ClInclude Include="src\entities\Paddle.h">
      <Filter>entities</Filter>
    </ClInclude>
    <ClInclude Include="src\gui\TextMenu.h">
      <Filter>gui</Filter>
    </ClInclude>
    <ClInclude Include="src\level\Level.h">
      <Filter>level</Filter>
    </ClInclude>
    <ClInclude Include="src\resources\Collisions.h">
      <Filter>resources</Filter>
    </ClInclude>
    <ClInclude Include="src\resources\FontManager.h">
      <Filter>resources</Filter>
    </ClInclude>
    <ClInclude Include="src\resources\Logger.h">
      <Filter>resources</Filter>
    </ClInclude>
    <ClInclude Include="src\resources\MathHelper.h">
      <Filter>resources</Filter>
    </ClInclude>
    <ClInclude Include="src\resources\SmartText.h">
      <Filter>resources</Filter>
    </ClInclude>
    <ClInclude Include="src\resources\SoundManager.h">
      <Filter>resources</Filter>
    </ClInclude>
    <ClInclude Include="src\resources\TextureManager.h">
      <Filter>resources</Filter>
    </ClInclude>
    <ClInclude Include="src\states\GameState.h">
      <Filter>states</Filter>
    </ClInclude>
    <ClInclude Include="src\states\MenuState.h">
      <Filter>states</Filter>
    </ClInclude>
    <ClInclude Include="src\states\PlayState.h">
      <Filter>states</Filter>
    </ClInclude>
  </ItemGroup>
  <ItemGroup>
    <ClCompile Include="src\Game.cpp" />
    <ClCompile Include="src\Main.cpp" />
    <ClCompile Include="src\entities\Ball.cpp">
      <Filter>entities</Filter>
    </ClCompile>
    <ClCompile Include="src\entities\Brick.cpp">
      <Filter>entities</Filter>
    </ClCompile>
    <ClCompile Include="src\entities\Paddle.cpp">
      <Filter>entities</Filter>
    </ClCompile>
    <ClCompile Include="src\gui\TextMenu.cpp">
      <Filter>gui</Filter>
    </ClCompile>
    <ClCompile Include="src\level\Level.cpp">
      <Filter>level</Filter>
    </ClCompile>
    <ClCompile Include="src\resources\Collisions.cpp">
      <Filter>resources</Filter>
    </ClCompile>
    <ClCompile Include="src\resources\FontManager.cpp">
      <Filter>resources</Filter>
    </ClCompile>
    <ClCompile Include="src\resources\SoundManager.cpp">
      <Filter>resources</Filter>
    </ClCompile>
    <ClCompile Include="src\resources\TextureManager.cpp">
      <Filter>resources</Filter>
    </ClCompile>
    <ClCompile Include="src\states\MenuState.cpp">
      <Filter>states</Filter>
    </ClCompile>
    <ClCompile Include="src\states\PlayState.cpp">
      <Filter>states</Filter>
    </ClCompile>
  </ItemGroup>
</Project>